// !$*UTF8*$!
{
	archiveVersion = 1;
	classes = {
	};
	objectVersion = 52;
	objects = {

/* Begin PBXBuildFile section */
		FFD010601C24B20B00D55A9D /* main.m in Sources */ = {isa = PBXBuildFile; fileRef = FFD0105F1C24B20B00D55A9D /* main.m */; };
		FFD010671C24B28C00D55A9D /* AppDelegate.m in Sources */ = {isa = PBXBuildFile; fileRef = FFD010661C24B28C00D55A9D /* AppDelegate.m */; };
/* End PBXBuildFile section */

/* Begin PBXCopyFilesBuildPhase section */
		FFD0105A1C24B20B00D55A9D /* CopyFiles */ = {
			isa = PBXCopyFilesBuildPhase;
			buildActionMask = 2147483647;
			dstPath = /usr/share/man/man1/;
			dstSubfolderSpec = 0;
			files = (
			);
			runOnlyForDeploymentPostprocessing = 1;
		};
/* End PBXCopyFilesBuildPhase section */

/* Begin PBXFileReference section */
		FFD0105C1C24B20B00D55A9D /* alerter */ = {isa = PBXFileReference; explicitFileType = "compiled.mach-o.executable"; includeInIndex = 0; path = alerter; sourceTree = BUILT_PRODUCTS_DIR; };
		FFD0105F1C24B20B00D55A9D /* main.m */ = {isa = PBXFileReference; lastKnownFileType = sourcecode.c.objc; name = main.m; path = alerter/main.m; sourceTree = "<group>"; };
		FFD010661C24B28C00D55A9D /* AppDelegate.m */ = {isa = PBXFileReference; fileEncoding = 4; lastKnownFileType = sourcecode.c.objc; name = AppDelegate.m; path = alerter/AppDelegate.m; sourceTree = "<group>"; };
		FFD010681C24B29900D55A9D /* AppDelegate.h */ = {isa = PBXFileReference; lastKnownFileType = sourcecode.c.h; name = AppDelegate.h; path = alerter/AppDelegate.h; sourceTree = "<group>"; };
		FFD010691C24B2C000D55A9D /* Info.plist */ = {isa = PBXFileReference; fileEncoding = 4; lastKnownFileType = text.plist.xml; name = Info.plist; path = alerter/Info.plist; sourceTree = "<group>"; };
		FFD0106A1C24B2E800D55A9D /* Prefix.pch */ = {isa = PBXFileReference; lastKnownFileType = sourcecode.c.h; name = Prefix.pch; path = alerter/Prefix.pch; sourceTree = "<group>"; };
/* End PBXFileReference section */

/* Begin PBXFrameworksBuildPhase section */
		FFD010591C24B20B00D55A9D /* Frameworks */ = {
			isa = PBXFrameworksBuildPhase;
			buildActionMask = 2147483647;
			files = (
			);
			runOnlyForDeploymentPostprocessing = 0;
		};
/* End PBXFrameworksBuildPhase section */

/* Begin PBXGroup section */
		FFD010531C24B20B00D55A9D = {
			isa = PBXGroup;
			children = (
				FFD0105F1C24B20B00D55A9D /* main.m */,
				FFD010661C24B28C00D55A9D /* AppDelegate.m */,
				FFD010681C24B29900D55A9D /* AppDelegate.h */,
				FFD010691C24B2C000D55A9D /* Info.plist */,
				FFD0106A1C24B2E800D55A9D /* Prefix.pch */,
				FFD0105D1C24B20B00D55A9D /* Products */,
			);
			sourceTree = "<group>";
		};
		FFD0105D1C24B20B00D55A9D /* Products */ = {
			isa = PBXGroup;
			children = (
				FFD0105C1C24B20B00D55A9D /* alerter */,
			);
			name = Products;
			sourceTree = "<group>";
		};
/* End PBXGroup section */

/* Begin PBXNativeTarget section */
		FFD0105B1C24B20B00D55A9D /* alerter */ = {
			isa = PBXNativeTarget;
			buildConfigurationList = FFD010631C24B20B00D55A9D /* Build configuration list for PBXNativeTarget "alerter" */;
			buildPhases = (
				FFD010581C24B20B00D55A9D /* Sources */,
				FFD010591C24B20B00D55A9D /* Frameworks */,
				FFD0105A1C24B20B00D55A9D /* CopyFiles */,
			);
			buildRules = (
			);
			dependencies = (
			);
			name = alerter;
			productName = alerter;
			productReference = FFD0105C1C24B20B00D55A9D /* alerter */;
			productType = "com.apple.product-type.tool";
		};
/* End PBXNativeTarget section */

/* Begin PBXProject section */
		FFD010541C24B20B00D55A9D /* Project object */ = {
			isa = PBXProject;
			attributes = {
				LastUpgradeCheck = 1130;
				ORGANIZATIONNAME = "JEANTET Valere";
				TargetAttributes = {
					FFD0105B1C24B20B00D55A9D = {
						CreatedOnToolsVersion = 7.2;
					};
				};
			};
			buildConfigurationList = FFD010571C24B20B00D55A9D /* Build configuration list for PBXProject "alerter" */;
			compatibilityVersion = "Xcode 11.0";
			developmentRegion = en;
			hasScannedForEncodings = 0;
			knownRegions = (
				en,
				Base,
			);
			mainGroup = FFD010531C24B20B00D55A9D;
			productRefGroup = FFD0105D1C24B20B00D55A9D /* Products */;
			projectDirPath = "";
			projectRoot = "";
			targets = (
				FFD0105B1C24B20B00D55A9D /* alerter */,
			);
		};
/* End PBXProject section */

/* Begin PBXSourcesBuildPhase section */
		FFD010581C24B20B00D55A9D /* Sources */ = {
			isa = PBXSourcesBuildPhase;
			buildActionMask = 2147483647;
			files = (
				FFD010671C24B28C00D55A9D /* AppDelegate.m in Sources */,
				FFD010601C24B20B00D55A9D /* main.m in Sources */,
			);
			runOnlyForDeploymentPostprocessing = 0;
		};
/* End PBXSourcesBuildPhase section */

/* Begin XCBuildConfiguration section */
		FFD010611C24B20B00D55A9D /* Debug */ = {
			isa = XCBuildConfiguration;
			buildSettings = {
				ALWAYS_SEARCH_USER_PATHS = NO;
				CLANG_ANALYZER_LOCALIZABILITY_NONLOCALIZED = YES;
				CLANG_CXX_LANGUAGE_STANDARD = "gnu++0x";
				CLANG_CXX_LIBRARY = "compiler-default";
				CLANG_ENABLE_MODULES = YES;
				CLANG_ENABLE_OBJC_ARC = YES;
				CLANG_WARN_BLOCK_CAPTURE_AUTORELEASING = YES;
				CLANG_WARN_BOOL_CONVERSION = YES;
				CLANG_WARN_COMMA = YES;
				CLANG_WARN_CONSTANT_CONVERSION = YES;
				CLANG_WARN_DEPRECATED_OBJC_IMPLEMENTATIONS = YES;
				CLANG_WARN_DIRECT_OBJC_ISA_USAGE = YES;
				CLANG_WARN_EMPTY_BODY = YES;
				CLANG_WARN_ENUM_CONVERSION = YES;
				CLANG_WARN_INFINITE_RECURSION = YES;
				CLANG_WARN_INT_CONVERSION = YES;
				CLANG_WARN_NON_LITERAL_NULL_CONVERSION = YES;
				CLANG_WARN_OBJC_IMPLICIT_RETAIN_SELF = YES;
				CLANG_WARN_OBJC_LITERAL_CONVERSION = YES;
				CLANG_WARN_OBJC_ROOT_CLASS = YES;
				CLANG_WARN_RANGE_LOOP_ANALYSIS = YES;
				CLANG_WARN_STRICT_PROTOTYPES = YES;
				CLANG_WARN_SUSPICIOUS_MOVE = YES;
				CLANG_WARN_UNREACHABLE_CODE = YES;
				CLANG_WARN__DUPLICATE_METHOD_MATCH = YES;
				CODE_SIGN_IDENTITY = "Mac Developer";
				COPY_PHASE_STRIP = NO;
				DEBUG_INFORMATION_FORMAT = dwarf;
				ENABLE_STRICT_OBJC_MSGSEND = YES;
				ENABLE_TESTABILITY = YES;
				GCC_C_LANGUAGE_STANDARD = gnu99;
				GCC_DYNAMIC_NO_PIC = NO;
				GCC_NO_COMMON_BLOCKS = YES;
				GCC_OPTIMIZATION_LEVEL = 0;
				GCC_PREPROCESSOR_DEFINITIONS = (
					"DEBUG=1",
					"$(inherited)",
				);
				GCC_WARN_64_TO_32_BIT_CONVERSION = YES;
				GCC_WARN_ABOUT_RETURN_TYPE = YES_ERROR;
				GCC_WARN_UNDECLARED_SELECTOR = NO;
				GCC_WARN_UNINITIALIZED_AUTOS = YES_AGGRESSIVE;
				GCC_WARN_UNUSED_FUNCTION = YES;
				GCC_WARN_UNUSED_VARIABLE = YES;
				MACOSX_DEPLOYMENT_TARGET = 10.15;
				MTL_ENABLE_DEBUG_INFO = YES;
				ONLY_ACTIVE_ARCH = YES;
				PRODUCT_NAME = alerter;
				SDKROOT = macosx;
			};
			name = Debug;
		};
		FFD010621C24B20B00D55A9D /* Release */ = {
			isa = XCBuildConfiguration;
			buildSettings = {
				ALWAYS_SEARCH_USER_PATHS = NO;
				CLANG_ANALYZER_LOCALIZABILITY_NONLOCALIZED = YES;
				CLANG_CXX_LANGUAGE_STANDARD = "gnu++0x";
				CLANG_CXX_LIBRARY = "compiler-default";
				CLANG_ENABLE_MODULES = YES;
				CLANG_ENABLE_OBJC_ARC = YES;
				CLANG_WARN_BLOCK_CAPTURE_AUTORELEASING = YES;
				CLANG_WARN_BOOL_CONVERSION = YES;
				CLANG_WARN_COMMA = YES;
				CLANG_WARN_CONSTANT_CONVERSION = YES;
				CLANG_WARN_DEPRECATED_OBJC_IMPLEMENTATIONS = YES;
				CLANG_WARN_DIRECT_OBJC_ISA_USAGE = YES;
				CLANG_WARN_EMPTY_BODY = YES;
				CLANG_WARN_ENUM_CONVERSION = YES;
				CLANG_WARN_INFINITE_RECURSION = YES;
				CLANG_WARN_INT_CONVERSION = YES;
				CLANG_WARN_NON_LITERAL_NULL_CONVERSION = YES;
				CLANG_WARN_OBJC_IMPLICIT_RETAIN_SELF = YES;
				CLANG_WARN_OBJC_LITERAL_CONVERSION = YES;
				CLANG_WARN_OBJC_ROOT_CLASS = YES;
				CLANG_WARN_RANGE_LOOP_ANALYSIS = YES;
				CLANG_WARN_STRICT_PROTOTYPES = YES;
				CLANG_WARN_SUSPICIOUS_MOVE = YES;
				CLANG_WARN_UNREACHABLE_CODE = YES;
				CLANG_WARN__DUPLICATE_METHOD_MATCH = YES;
				CODE_SIGN_IDENTITY = "Mac Developer";
				COPY_PHASE_STRIP = YES;
				DEBUG_INFORMATION_FORMAT = "dwarf-with-dsym";
				ENABLE_NS_ASSERTIONS = NO;
				ENABLE_STRICT_OBJC_MSGSEND = YES;
				GCC_C_LANGUAGE_STANDARD = gnu99;
				GCC_NO_COMMON_BLOCKS = YES;
				GCC_WARN_64_TO_32_BIT_CONVERSION = YES;
				GCC_WARN_ABOUT_RETURN_TYPE = YES_ERROR;
				GCC_WARN_UNDECLARED_SELECTOR = NO;
				GCC_WARN_UNINITIALIZED_AUTOS = YES_AGGRESSIVE;
				GCC_WARN_UNUSED_FUNCTION = YES;
				GCC_WARN_UNUSED_VARIABLE = YES;
				INFOPLIST_FILE = "";
				MACOSX_DEPLOYMENT_TARGET = 10.15;
				MTL_ENABLE_DEBUG_INFO = NO;
				PRODUCT_NAME = alerter;
				SDKROOT = macosx;
			};
			name = Release;
		};
		FFD010641C24B20B00D55A9D /* Debug */ = {
			isa = XCBuildConfiguration;
			buildSettings = {
				CODE_SIGN_ENTITLEMENTS = "";
				CODE_SIGN_IDENTITY = "Apple Development";
				DEVELOPMENT_TEAM = NQLLJK2GK3;
				ENABLE_HARDENED_RUNTIME = YES;
				GCC_PREFIX_HEADER = alerter/Prefix.pch;
				INFOPLIST_FILE = "$(SRCROOT)/alerter/Info.plist";
				MACOSX_DEPLOYMENT_TARGET = 10.15;
				MARKETING_VERSION = 004;
				OTHER_CODE_SIGN_FLAGS = "-i fr.vjeantet.${PRODUCT_NAME:rfc1034identifier}";
				OTHER_LDFLAGS = (
					"-sectcreate",
					__TEXT,
					__info_plist,
					"${INFOPLIST_FILE}",
				);
				PRODUCT_BUNDLE_IDENTIFIER = fr.vjeantet.alerter;
				PRODUCT_NAME = "$(TARGET_NAME)";
			};
			name = Debug;
		};
		FFD010651C24B20B00D55A9D /* Release */ = {
			isa = XCBuildConfiguration;
			buildSettings = {
				CODE_SIGN_ENTITLEMENTS = "";
				CODE_SIGN_IDENTITY = "Apple Development";
				DEVELOPMENT_TEAM = NQLLJK2GK3;
				ENABLE_HARDENED_RUNTIME = YES;
				GCC_PREFIX_HEADER = alerter/Prefix.pch;
				INFOPLIST_FILE = "$(SRCROOT)/alerter/Info.plist";
				MACOSX_DEPLOYMENT_TARGET = 10.15;
				MARKETING_VERSION = 004;
				OTHER_CODE_SIGN_FLAGS = "-i fr.vjeantet.${PRODUCT_NAME:rfc1034identifier}";
				OTHER_LDFLAGS = (
					"-sectcreate",
					__TEXT,
					__info_plist,
					"${INFOPLIST_FILE}",
				);
				PRODUCT_BUNDLE_IDENTIFIER = fr.vjeantet.alerter;
				PRODUCT_NAME = "$(TARGET_NAME)";
			};
			name = Release;
		};
/* End XCBuildConfiguration section */

/* Begin XCConfigurationList section */
		FFD010571C24B20B00D55A9D /* Build configuration list for PBXProject "alerter" */ = {
			isa = XCConfigurationList;
			buildConfigurations = (
				FFD010611C24B20B00D55A9D /* Debug */,
				FFD010621C24B20B00D55A9D /* Release */,
			);
			defaultConfigurationIsVisible = 0;
			defaultConfigurationName = Release;
		};
		FFD010631C24B20B00D55A9D /* Build configuration list for PBXNativeTarget "alerter" */ = {
			isa = XCConfigurationList;
			buildConfigurations = (
				FFD010641C24B20B00D55A9D /* Debug */,
				FFD010651C24B20B00D55A9D /* Release */,
			);
			defaultConfigurationIsVisible = 0;
			defaultConfigurationName = Release;
		};
/* End XCConfigurationList section */
	};
	rootObject = FFD010541C24B20B00D55A9D /* Project object */;
}
